
Microsoft Visual Studio Solution File, Format Version 11.00
# Visual Studio 2010
Project("{8BC9CEB8-8B4A-11D0-8D11-00A0C91BC942}") = "15_3Sum", "15_3Sum.vcxproj", "{B6D83A2C-9B19-49E2-A71B-8A0A17FFC016}"
EndProject
Global
	GlobalSection(SolutionConfigurationPlatforms) = preSolution
		Debug|Win32 = Debug|Win32
		Release|Win32 = Release|Win32
	EndGlobalSection
	GlobalSection(ProjectConfigurationPlatforms) = postSolution
		{B6D83A2C-9B19-49E2-A71B-8A0A17FFC016}.Debug|Win32.ActiveCfg = Debug|Win32
		{B6D83A2C-9B19-49E2-A71B-8A0A17FFC016}.Debug|Win32.Build.0 = Debug|Win32
		{B6D83A2C-9B19-49E2-A71B-8A0A17FFC016}.Release|Win32.ActiveCfg = Release|Win32
		{B6D83A2C-9B19-49E2-A71B-8A0A17FFC016}.Release|Win32.Build.0 = Release|Win32
	EndGlobalSection
	GlobalSection(SolutionProperties) = preSolution
		HideSolutionNode = FALSE
	EndGlobalSection
EndGlobal
