
Microsoft Visual Studio Solution File, Format Version 11.00
# Visual Studio 2010
Project("{8BC9CEB8-8B4A-11D0-8D11-00A0C91BC942}") = "54_Sprial-Matrix", "54_Sprial-Matrix.vcxproj", "{3C636F55-E640-4394-9682-3737343A9108}"
EndProject
Global
	GlobalSection(SolutionConfigurationPlatforms) = preSolution
		Debug|Win32 = Debug|Win32
		Release|Win32 = Release|Win32
	EndGlobalSection
	GlobalSection(ProjectConfigurationPlatforms) = postSolution
		{3C636F55-E640-4394-9682-3737343A9108}.Debug|Win32.ActiveCfg = Debug|Win32
		{3C636F55-E640-4394-9682-3737343A9108}.Debug|Win32.Build.0 = Debug|Win32
		{3C636F55-E640-4394-9682-3737343A9108}.Release|Win32.ActiveCfg = Release|Win32
		{3C636F55-E640-4394-9682-3737343A9108}.Release|Win32.Build.0 = Release|Win32
	EndGlobalSection
	GlobalSection(SolutionProperties) = preSolution
		HideSolutionNode = FALSE
	EndGlobalSection
EndGlobal
