
Microsoft Visual Studio Solution File, Format Version 11.00
# Visual Studio 2010
Project("{8BC9CEB8-8B4A-11D0-8D11-00A0C91BC942}") = "42_TrappingRainWater2", "42_TrappingRainWater2.vcxproj", "{AF1ACDA6-2A75-4A26-A7CF-ECBD6DA10A22}"
EndProject
Global
	GlobalSection(SolutionConfigurationPlatforms) = preSolution
		Debug|Win32 = Debug|Win32
		Release|Win32 = Release|Win32
	EndGlobalSection
	GlobalSection(ProjectConfigurationPlatforms) = postSolution
		{AF1ACDA6-2A75-4A26-A7CF-ECBD6DA10A22}.Debug|Win32.ActiveCfg = Debug|Win32
		{AF1ACDA6-2A75-4A26-A7CF-ECBD6DA10A22}.Debug|Win32.Build.0 = Debug|Win32
		{AF1ACDA6-2A75-4A26-A7CF-ECBD6DA10A22}.Release|Win32.ActiveCfg = Release|Win32
		{AF1ACDA6-2A75-4A26-A7CF-ECBD6DA10A22}.Release|Win32.Build.0 = Release|Win32
	EndGlobalSection
	GlobalSection(SolutionProperties) = preSolution
		HideSolutionNode = FALSE
	EndGlobalSection
EndGlobal
