
Microsoft Visual Studio Solution File, Format Version 11.00
# Visual Studio 2010
Project("{8BC9CEB8-8B4A-11D0-8D11-00A0C91BC942}") = "11_ContainerWithMostWater", "11_ContainerWithMostWater.vcxproj", "{C07FEBE9-992B-4275-BE29-388708E49303}"
EndProject
Global
	GlobalSection(SolutionConfigurationPlatforms) = preSolution
		Debug|Win32 = Debug|Win32
		Release|Win32 = Release|Win32
	EndGlobalSection
	GlobalSection(ProjectConfigurationPlatforms) = postSolution
		{C07FEBE9-992B-4275-BE29-388708E49303}.Debug|Win32.ActiveCfg = Debug|Win32
		{C07FEBE9-992B-4275-BE29-388708E49303}.Debug|Win32.Build.0 = Debug|Win32
		{C07FEBE9-992B-4275-BE29-388708E49303}.Release|Win32.ActiveCfg = Release|Win32
		{C07FEBE9-992B-4275-BE29-388708E49303}.Release|Win32.Build.0 = Release|Win32
	EndGlobalSection
	GlobalSection(SolutionProperties) = preSolution
		HideSolutionNode = FALSE
	EndGlobalSection
EndGlobal
